
Microsoft Visual Studio Solution File, Format Version 12.00
# Visual Studio 15
VisualStudioVersion = 15.0.27004.2009
MinimumVisualStudioVersion = 10.0.40219.1
Project("{FAE04EC0-301F-11D3-BF4B-00C04F79EFBC}") = "Demos.Android", "Demos\Demos.Android\Demos.Android.csproj", "{1DFCE123-9D55-49A6-855D-03CC58B8EC61}"
EndProject
Project("{FAE04EC0-301F-11D3-BF4B-00C04F79EFBC}") = "Demos", "Demos\Demos\Demos.csproj", "{6CA8F88C-64DD-4C6A-9C1F-332F94D75BBF}"
EndProject
Project("{FAE04EC0-301F-11D3-BF4B-00C04F79EFBC}") = "Demos.UWP", "Demos\Demos.UWP\Demos.UWP.csproj", "{330F314E-BE31-42D9-9446-20FA1B74D5EE}"
EndProject
Project("{FAE04EC0-301F-11D3-BF4B-00C04F79EFBC}") = "Demos.iOS", "Demos\Demos.iOS\Demos.iOS.csproj", "{5CC7B9C5-BD89-45E4-B265-C22B6E3E4362}"
EndProject
Global
	GlobalSection(SolutionConfigurationPlatforms) = preSolution
		Ad-Hoc|Any CPU = Ad-Hoc|Any CPU
		Ad-Hoc|ARM = Ad-Hoc|ARM
		Ad-Hoc|iPhone = Ad-Hoc|iPhone
		Ad-Hoc|iPhoneSimulator = Ad-Hoc|iPhoneSimulator
		Ad-Hoc|x64 = Ad-Hoc|x64
		Ad-Hoc|x86 = Ad-Hoc|x86
		AppStore|Any CPU = AppStore|Any CPU
		AppStore|ARM = AppStore|ARM
		AppStore|iPhone = AppStore|iPhone
		AppStore|iPhoneSimulator = AppStore|iPhoneSimulator
		AppStore|x64 = AppStore|x64
		AppStore|x86 = AppStore|x86
		Debug|Any CPU = Debug|Any CPU
		Debug|ARM = Debug|ARM
		Debug|iPhone = Debug|iPhone
		Debug|iPhoneSimulator = Debug|iPhoneSimulator
		Debug|x64 = Debug|x64
		Debug|x86 = Debug|x86
		Release|Any CPU = Release|Any CPU
		Release|ARM = Release|ARM
		Release|iPhone = Release|iPhone
		Release|iPhoneSimulator = Release|iPhoneSimulator
		Release|x64 = Release|x64
		Release|x86 = Release|x86
	EndGlobalSection
	GlobalSection(ProjectConfigurationPlatforms) = postSolution
		{1DFCE123-9D55-49A6-855D-03CC58B8EC61}.Ad-Hoc|Any CPU.ActiveCfg = Release|Any CPU
		{1DFCE123-9D55-49A6-855D-03CC58B8EC61}.Ad-Hoc|Any CPU.Build.0 = Release|Any CPU
		{1DFCE123-9D55-49A6-855D-03CC58B8EC61}.Ad-Hoc|Any CPU.Deploy.0 = Release|Any CPU
		{1DFCE123-9D55-49A6-855D-03CC58B8EC61}.Ad-Hoc|ARM.ActiveCfg = Release|Any CPU
		{1DFCE123-9D55-49A6-855D-03CC58B8EC61}.Ad-Hoc|ARM.Build.0 = Release|Any CPU
		{1DFCE123-9D55-49A6-855D-03CC58B8EC61}.Ad-Hoc|ARM.Deploy.0 = Release|Any CPU
		{1DFCE123-9D55-49A6-855D-03CC58B8EC61}.Ad-Hoc|iPhone.ActiveCfg = Release|Any CPU
		{1DFCE123-9D55-49A6-855D-03CC58B8EC61}.Ad-Hoc|iPhone.Build.0 = Release|Any CPU
		{1DFCE123-9D55-49A6-855D-03CC58B8EC61}.Ad-Hoc|iPhone.Deploy.0 = Release|Any CPU
		{1DFCE123-9D55-49A6-855D-03CC58B8EC61}.Ad-Hoc|iPhoneSimulator.ActiveCfg = Release|Any CPU
		{1DFCE123-9D55-49A6-855D-03CC58B8EC61}.Ad-Hoc|iPhoneSimulator.Build.0 = Release|Any CPU
		{1DFCE123-9D55-49A6-855D-03CC58B8EC61}.Ad-Hoc|iPhoneSimulator.Deploy.0 = Release|Any CPU
		{1DFCE123-9D55-49A6-855D-03CC58B8EC61}.Ad-Hoc|x64.ActiveCfg = Release|Any CPU
		{1DFCE123-9D55-49A6-855D-03CC58B8EC61}.Ad-Hoc|x64.Build.0 = Release|Any CPU
		{1DFCE123-9D55-49A6-855D-03CC58B8EC61}.Ad-Hoc|x64.Deploy.0 = Release|Any CPU
		{1DFCE123-9D55-49A6-855D-03CC58B8EC61}.Ad-Hoc|x86.ActiveCfg = Release|Any CPU
		{1DFCE123-9D55-49A6-855D-03CC58B8EC61}.Ad-Hoc|x86.Build.0 = Release|Any CPU
		{1DFCE123-9D55-49A6-855D-03CC58B8EC61}.Ad-Hoc|x86.Deploy.0 = Release|Any CPU
		{1DFCE123-9D55-49A6-855D-03CC58B8EC61}.AppStore|Any CPU.ActiveCfg = Release|Any CPU
		{1DFCE123-9D55-49A6-855D-03CC58B8EC61}.AppStore|Any CPU.Build.0 = Release|Any CPU
		{1DFCE123-9D55-49A6-855D-03CC58B8EC61}.AppStore|Any CPU.Deploy.0 = Release|Any CPU
		{1DFCE123-9D55-49A6-855D-03CC58B8EC61}.AppStore|ARM.ActiveCfg = Release|Any CPU
		{1DFCE123-9D55-49A6-855D-03CC58B8EC61}.AppStore|ARM.Build.0 = Release|Any CPU
		{1DFCE123-9D55-49A6-855D-03CC58B8EC61}.AppStore|ARM.Deploy.0 = Release|Any CPU
		{1DFCE123-9D55-49A6-855D-03CC58B8EC61}.AppStore|iPhone.ActiveCfg = Release|Any CPU
		{1DFCE123-9D55-49A6-855D-03CC58B8EC61}.AppStore|iPhone.Build.0 = Release|Any CPU
		{1DFCE123-9D55-49A6-855D-03CC58B8EC61}.AppStore|iPhone.Deploy.0 = Release|Any CPU
		{1DFCE123-9D55-49A6-855D-03CC58B8EC61}.AppStore|iPhoneSimulator.ActiveCfg = Release|Any CPU
		{1DFCE123-9D55-49A6-855D-03CC58B8EC61}.AppStore|iPhoneSimulator.Build.0 = Release|Any CPU
		{1DFCE123-9D55-49A6-855D-03CC58B8EC61}.AppStore|iPhoneSimulator.Deploy.0 = Release|Any CPU
		{1DFCE123-9D55-49A6-855D-03CC58B8EC61}.AppStore|x64.ActiveCfg = Release|Any CPU
		{1DFCE123-9D55-49A6-855D-03CC58B8EC61}.AppStore|x64.Build.0 = Release|Any CPU
		{1DFCE123-9D55-49A6-855D-03CC58B8EC61}.AppStore|x64.Deploy.0 = Release|Any CPU
		{1DFCE123-9D55-49A6-855D-03CC58B8EC61}.AppStore|x86.ActiveCfg = Release|Any CPU
		{1DFCE123-9D55-49A6-855D-03CC58B8EC61}.AppStore|x86.Build.0 = Release|Any CPU
		{1DFCE123-9D55-49A6-855D-03CC58B8EC61}.AppStore|x86.Deploy.0 = Release|Any CPU
		{1DFCE123-9D55-49A6-855D-03CC58B8EC61}.Debug|Any CPU.ActiveCfg = Debug|Any CPU
		{1DFCE123-9D55-49A6-855D-03CC58B8EC61}.Debug|Any CPU.Build.0 = Debug|Any CPU
		{1DFCE123-9D55-49A6-855D-03CC58B8EC61}.Debug|Any CPU.Deploy.0 = Debug|Any CPU
		{1DFCE123-9D55-49A6-855D-03CC58B8EC61}.Debug|ARM.ActiveCfg = Debug|Any CPU
		{1DFCE123-9D55-49A6-855D-03CC58B8EC61}.Debug|ARM.Build.0 = Debug|Any CPU
		{1DFCE123-9D55-49A6-855D-03CC58B8EC61}.Debug|ARM.Deploy.0 = Debug|Any CPU
		{1DFCE123-9D55-49A6-855D-03CC58B8EC61}.Debug|iPhone.ActiveCfg = Debug|Any CPU
		{1DFCE123-9D55-49A6-855D-03CC58B8EC61}.Debug|iPhone.Build.0 = Debug|Any CPU
		{1DFCE123-9D55-49A6-855D-03CC58B8EC61}.Debug|iPhone.Deploy.0 = Debug|Any CPU
		{1DFCE123-9D55-49A6-855D-03CC58B8EC61}.Debug|iPhoneSimulator.ActiveCfg = Debug|Any CPU
		{1DFCE123-9D55-49A6-855D-03CC58B8EC61}.Debug|iPhoneSimulator.Build.0 = Debug|Any CPU
		{1DFCE123-9D55-49A6-855D-03CC58B8EC61}.Debug|iPhoneSimulator.Deploy.0 = Debug|Any CPU
		{1DFCE123-9D55-49A6-855D-03CC58B8EC61}.Debug|x64.ActiveCfg = Debug|Any CPU
		{1DFCE123-9D55-49A6-855D-03CC58B8EC61}.Debug|x64.Build.0 = Debug|Any CPU
		{1DFCE123-9D55-49A6-855D-03CC58B8EC61}.Debug|x64.Deploy.0 = Debug|Any CPU
		{1DFCE123-9D55-49A6-855D-03CC58B8EC61}.Debug|x86.ActiveCfg = Debug|Any CPU
		{1DFCE123-9D55-49A6-855D-03CC58B8EC61}.Debug|x86.Build.0 = Debug|Any CPU
		{1DFCE123-9D55-49A6-855D-03CC58B8EC61}.Debug|x86.Deploy.0 = Debug|Any CPU
		{1DFCE123-9D55-49A6-855D-03CC58B8EC61}.Release|Any CPU.ActiveCfg = Release|Any CPU
		{1DFCE123-9D55-49A6-855D-03CC58B8EC61}.Release|Any CPU.Build.0 = Release|Any CPU
		{1DFCE123-9D55-49A6-855D-03CC58B8EC61}.Release|Any CPU.Deploy.0 = Release|Any CPU
		{1DFCE123-9D55-49A6-855D-03CC58B8EC61}.Release|ARM.ActiveCfg = Release|Any CPU
		{1DFCE123-9D55-49A6-855D-03CC58B8EC61}.Release|ARM.Build.0 = Release|Any CPU
		{1DFCE123-9D55-49A6-855D-03CC58B8EC61}.Release|ARM.Deploy.0 = Release|Any CPU
		{1DFCE123-9D55-49A6-855D-03CC58B8EC61}.Release|iPhone.ActiveCfg = Release|Any CPU
		{1DFCE123-9D55-49A6-855D-03CC58B8EC61}.Release|iPhone.Build.0 = Release|Any CPU
		{1DFCE123-9D55-49A6-855D-03CC58B8EC61}.Release|iPhone.Deploy.0 = Release|Any CPU
		{1DFCE123-9D55-49A6-855D-03CC58B8EC61}.Release|iPhoneSimulator.ActiveCfg = Release|Any CPU
		{1DFCE123-9D55-49A6-855D-03CC58B8EC61}.Release|iPhoneSimulator.Build.0 = Release|Any CPU
		{1DFCE123-9D55-49A6-855D-03CC58B8EC61}.Release|iPhoneSimulator.Deploy.0 = Release|Any CPU
		{1DFCE123-9D55-49A6-855D-03CC58B8EC61}.Release|x64.ActiveCfg = Release|Any CPU
		{1DFCE123-9D55-49A6-855D-03CC58B8EC61}.Release|x64.Build.0 = Release|Any CPU
		{1DFCE123-9D55-49A6-855D-03CC58B8EC61}.Release|x64.Deploy.0 = Release|Any CPU
		{1DFCE123-9D55-49A6-855D-03CC58B8EC61}.Release|x86.ActiveCfg = Release|Any CPU
		{1DFCE123-9D55-49A6-855D-03CC58B8EC61}.Release|x86.Build.0 = Release|Any CPU
		{1DFCE123-9D55-49A6-855D-03CC58B8EC61}.Release|x86.Deploy.0 = Release|Any CPU
		{6CA8F88C-64DD-4C6A-9C1F-332F94D75BBF}.Ad-Hoc|Any CPU.ActiveCfg = Release|Any CPU
		{6CA8F88C-64DD-4C6A-9C1F-332F94D75BBF}.Ad-Hoc|Any CPU.Build.0 = Release|Any CPU
		{6CA8F88C-64DD-4C6A-9C1F-332F94D75BBF}.Ad-Hoc|ARM.ActiveCfg = Release|Any CPU
		{6CA8F88C-64DD-4C6A-9C1F-332F94D75BBF}.Ad-Hoc|ARM.Build.0 = Release|Any CPU
		{6CA8F88C-64DD-4C6A-9C1F-332F94D75BBF}.Ad-Hoc|iPhone.ActiveCfg = Release|Any CPU
		{6CA8F88C-64DD-4C6A-9C1F-332F94D75BBF}.Ad-Hoc|iPhone.Build.0 = Release|Any CPU
		{6CA8F88C-64DD-4C6A-9C1F-332F94D75BBF}.Ad-Hoc|iPhoneSimulator.ActiveCfg = Release|Any CPU
		{6CA8F88C-64DD-4C6A-9C1F-332F94D75BBF}.Ad-Hoc|iPhoneSimulator.Build.0 = Release|Any CPU
		{6CA8F88C-64DD-4C6A-9C1F-332F94D75BBF}.Ad-Hoc|x64.ActiveCfg = Release|Any CPU
		{6CA8F88C-64DD-4C6A-9C1F-332F94D75BBF}.Ad-Hoc|x64.Build.0 = Release|Any CPU
		{6CA8F88C-64DD-4C6A-9C1F-332F94D75BBF}.Ad-Hoc|x86.ActiveCfg = Release|Any CPU
		{6CA8F88C-64DD-4C6A-9C1F-332F94D75BBF}.Ad-Hoc|x86.Build.0 = Release|Any CPU
		{6CA8F88C-64DD-4C6A-9C1F-332F94D75BBF}.AppStore|Any CPU.ActiveCfg = Release|Any CPU
		{6CA8F88C-64DD-4C6A-9C1F-332F94D75BBF}.AppStore|Any CPU.Build.0 = Release|Any CPU
		{6CA8F88C-64DD-4C6A-9C1F-332F94D75BBF}.AppStore|ARM.ActiveCfg = Release|Any CPU
		{6CA8F88C-64DD-4C6A-9C1F-332F94D75BBF}.AppStore|ARM.Build.0 = Release|Any CPU
		{6CA8F88C-64DD-4C6A-9C1F-332F94D75BBF}.AppStore|iPhone.ActiveCfg = Release|Any CPU
		{6CA8F88C-64DD-4C6A-9C1F-332F94D75BBF}.AppStore|iPhone.Build.0 = Release|Any CPU
		{6CA8F88C-64DD-4C6A-9C1F-332F94D75BBF}.AppStore|iPhoneSimulator.ActiveCfg = Release|Any CPU
		{6CA8F88C-64DD-4C6A-9C1F-332F94D75BBF}.AppStore|iPhoneSimulator.Build.0 = Release|Any CPU
		{6CA8F88C-64DD-4C6A-9C1F-332F94D75BBF}.AppStore|x64.ActiveCfg = Release|Any CPU
		{6CA8F88C-64DD-4C6A-9C1F-332F94D75BBF}.AppStore|x64.Build.0 = Release|Any CPU
		{6CA8F88C-64DD-4C6A-9C1F-332F94D75BBF}.AppStore|x86.ActiveCfg = Release|Any CPU
		{6CA8F88C-64DD-4C6A-9C1F-332F94D75BBF}.AppStore|x86.Build.0 = Release|Any CPU
		{6CA8F88C-64DD-4C6A-9C1F-332F94D75BBF}.Debug|Any CPU.ActiveCfg = Debug|Any CPU
		{6CA8F88C-64DD-4C6A-9C1F-332F94D75BBF}.Debug|Any CPU.Build.0 = Debug|Any CPU
		{6CA8F88C-64DD-4C6A-9C1F-332F94D75BBF}.Debug|ARM.ActiveCfg = Debug|Any CPU
		{6CA8F88C-64DD-4C6A-9C1F-332F94D75BBF}.Debug|ARM.Build.0 = Debug|Any CPU
		{6CA8F88C-64DD-4C6A-9C1F-332F94D75BBF}.Debug|iPhone.ActiveCfg = Debug|Any CPU
		{6CA8F88C-64DD-4C6A-9C1F-332F94D75BBF}.Debug|iPhone.Build.0 = Debug|Any CPU
		{6CA8F88C-64DD-4C6A-9C1F-332F94D75BBF}.Debug|iPhoneSimulator.ActiveCfg = Debug|Any CPU
		{6CA8F88C-64DD-4C6A-9C1F-332F94D75BBF}.Debug|iPhoneSimulator.Build.0 = Debug|Any CPU
		{6CA8F88C-64DD-4C6A-9C1F-332F94D75BBF}.Debug|x64.ActiveCfg = Debug|Any CPU
		{6CA8F88C-64DD-4C6A-9C1F-332F94D75BBF}.Debug|x64.Build.0 = Debug|Any CPU
		{6CA8F88C-64DD-4C6A-9C1F-332F94D75BBF}.Debug|x86.ActiveCfg = Debug|Any CPU
		{6CA8F88C-64DD-4C6A-9C1F-332F94D75BBF}.Debug|x86.Build.0 = Debug|Any CPU
		{6CA8F88C-64DD-4C6A-9C1F-332F94D75BBF}.Release|Any CPU.ActiveCfg = Release|Any CPU
		{6CA8F88C-64DD-4C6A-9C1F-332F94D75BBF}.Release|Any CPU.Build.0 = Release|Any CPU
		{6CA8F88C-64DD-4C6A-9C1F-332F94D75BBF}.Release|ARM.ActiveCfg = Release|Any CPU
		{6CA8F88C-64DD-4C6A-9C1F-332F94D75BBF}.Release|ARM.Build.0 = Release|Any CPU
		{6CA8F88C-64DD-4C6A-9C1F-332F94D75BBF}.Release|iPhone.ActiveCfg = Release|Any CPU
		{6CA8F88C-64DD-4C6A-9C1F-332F94D75BBF}.Release|iPhone.Build.0 = Release|Any CPU
		{6CA8F88C-64DD-4C6A-9C1F-332F94D75BBF}.Release|iPhoneSimulator.ActiveCfg = Release|Any CPU
		{6CA8F88C-64DD-4C6A-9C1F-332F94D75BBF}.Release|iPhoneSimulator.Build.0 = Release|Any CPU
		{6CA8F88C-64DD-4C6A-9C1F-332F94D75BBF}.Release|x64.ActiveCfg = Release|Any CPU
		{6CA8F88C-64DD-4C6A-9C1F-332F94D75BBF}.Release|x64.Build.0 = Release|Any CPU
		{6CA8F88C-64DD-4C6A-9C1F-332F94D75BBF}.Release|x86.ActiveCfg = Release|Any CPU
		{6CA8F88C-64DD-4C6A-9C1F-332F94D75BBF}.Release|x86.Build.0 = Release|Any CPU
		{330F314E-BE31-42D9-9446-20FA1B74D5EE}.Ad-Hoc|Any CPU.ActiveCfg = Release|x86
		{330F314E-BE31-42D9-9446-20FA1B74D5EE}.Ad-Hoc|Any CPU.Build.0 = Release|x86
		{330F314E-BE31-42D9-9446-20FA1B74D5EE}.Ad-Hoc|Any CPU.Deploy.0 = Release|x86
		{330F314E-BE31-42D9-9446-20FA1B74D5EE}.Ad-Hoc|ARM.ActiveCfg = Release|ARM
		{330F314E-BE31-42D9-9446-20FA1B74D5EE}.Ad-Hoc|ARM.Build.0 = Release|ARM
		{330F314E-BE31-42D9-9446-20FA1B74D5EE}.Ad-Hoc|ARM.Deploy.0 = Release|ARM
		{330F314E-BE31-42D9-9446-20FA1B74D5EE}.Ad-Hoc|iPhone.ActiveCfg = Release|x86
		{330F314E-BE31-42D9-9446-20FA1B74D5EE}.Ad-Hoc|iPhone.Build.0 = Release|x86
		{330F314E-BE31-42D9-9446-20FA1B74D5EE}.Ad-Hoc|iPhone.Deploy.0 = Release|x86
		{330F314E-BE31-42D9-9446-20FA1B74D5EE}.Ad-Hoc|iPhoneSimulator.ActiveCfg = Release|x86
		{330F314E-BE31-42D9-9446-20FA1B74D5EE}.Ad-Hoc|iPhoneSimulator.Build.0 = Release|x86
		{330F314E-BE31-42D9-9446-20FA1B74D5EE}.Ad-Hoc|iPhoneSimulator.Deploy.0 = Release|x86
		{330F314E-BE31-42D9-9446-20FA1B74D5EE}.Ad-Hoc|x64.ActiveCfg = Release|x64
		{330F314E-BE31-42D9-9446-20FA1B74D5EE}.Ad-Hoc|x64.Build.0 = Release|x64
		{330F314E-BE31-42D9-9446-20FA1B74D5EE}.Ad-Hoc|x64.Deploy.0 = Release|x64
		{330F314E-BE31-42D9-9446-20FA1B74D5EE}.Ad-Hoc|x86.ActiveCfg = Release|x86
		{330F314E-BE31-42D9-9446-20FA1B74D5EE}.Ad-Hoc|x86.Build.0 = Release|x86
		{330F314E-BE31-42D9-9446-20FA1B74D5EE}.Ad-Hoc|x86.Deploy.0 = Release|x86
		{330F314E-BE31-42D9-9446-20FA1B74D5EE}.AppStore|Any CPU.ActiveCfg = Release|x86
		{330F314E-BE31-42D9-9446-20FA1B74D5EE}.AppStore|Any CPU.Build.0 = Release|x86
		{330F314E-BE31-42D9-9446-20FA1B74D5EE}.AppStore|Any CPU.Deploy.0 = Release|x86
		{330F314E-BE31-42D9-9446-20FA1B74D5EE}.AppStore|ARM.ActiveCfg = Release|ARM
		{330F314E-BE31-42D9-9446-20FA1B74D5EE}.AppStore|ARM.Build.0 = Release|ARM
		{330F314E-BE31-42D9-9446-20FA1B74D5EE}.AppStore|ARM.Deploy.0 = Release|ARM
		{330F314E-BE31-42D9-9446-20FA1B74D5EE}.AppStore|iPhone.ActiveCfg = Release|x86
		{330F314E-BE31-42D9-9446-20FA1B74D5EE}.AppStore|iPhone.Build.0 = Release|x86
		{330F314E-BE31-42D9-9446-20FA1B74D5EE}.AppStore|iPhone.Deploy.0 = Release|x86
		{330F314E-BE31-42D9-9446-20FA1B74D5EE}.AppStore|iPhoneSimulator.ActiveCfg = Release|x86
		{330F314E-BE31-42D9-9446-20FA1B74D5EE}.AppStore|iPhoneSimulator.Build.0 = Release|x86
		{330F314E-BE31-42D9-9446-20FA1B74D5EE}.AppStore|iPhoneSimulator.Deploy.0 = Release|x86
		{330F314E-BE31-42D9-9446-20FA1B74D5EE}.AppStore|x64.ActiveCfg = Release|x64
		{330F314E-BE31-42D9-9446-20FA1B74D5EE}.AppStore|x64.Build.0 = Release|x64
		{330F314E-BE31-42D9-9446-20FA1B74D5EE}.AppStore|x64.Deploy.0 = Release|x64
		{330F314E-BE31-42D9-9446-20FA1B74D5EE}.AppStore|x86.ActiveCfg = Release|x86
		{330F314E-BE31-42D9-9446-20FA1B74D5EE}.AppStore|x86.Build.0 = Release|x86
		{330F314E-BE31-42D9-9446-20FA1B74D5EE}.AppStore|x86.Deploy.0 = Release|x86
		{330F314E-BE31-42D9-9446-20FA1B74D5EE}.Debug|Any CPU.ActiveCfg = Debug|x86
		{330F314E-BE31-42D9-9446-20FA1B74D5EE}.Debug|ARM.ActiveCfg = Debug|ARM
		{330F314E-BE31-42D9-9446-20FA1B74D5EE}.Debug|ARM.Build.0 = Debug|ARM
		{330F314E-BE31-42D9-9446-20FA1B74D5EE}.Debug|ARM.Deploy.0 = Debug|ARM
		{330F314E-BE31-42D9-9446-20FA1B74D5EE}.Debug|iPhone.ActiveCfg = Debug|x86
		{330F314E-BE31-42D9-9446-20FA1B74D5EE}.Debug|iPhoneSimulator.ActiveCfg = Debug|x86
		{330F314E-BE31-42D9-9446-20FA1B74D5EE}.Debug|x64.ActiveCfg = Debug|x64
		{330F314E-BE31-42D9-9446-20FA1B74D5EE}.Debug|x64.Build.0 = Debug|x64
		{330F314E-BE31-42D9-9446-20FA1B74D5EE}.Debug|x64.Deploy.0 = Debug|x64
		{330F314E-BE31-42D9-9446-20FA1B74D5EE}.Debug|x86.ActiveCfg = Debug|x86
		{330F314E-BE31-42D9-9446-20FA1B74D5EE}.Debug|x86.Build.0 = Debug|x86
		{330F314E-BE31-42D9-9446-20FA1B74D5EE}.Debug|x86.Deploy.0 = Debug|x86
		{330F314E-BE31-42D9-9446-20FA1B74D5EE}.Release|Any CPU.ActiveCfg = Release|x86
		{330F314E-BE31-42D9-9446-20FA1B74D5EE}.Release|ARM.ActiveCfg = Release|ARM
		{330F314E-BE31-42D9-9446-20FA1B74D5EE}.Release|ARM.Build.0 = Release|ARM
		{330F314E-BE31-42D9-9446-20FA1B74D5EE}.Release|ARM.Deploy.0 = Release|ARM
		{330F314E-BE31-42D9-9446-20FA1B74D5EE}.Release|iPhone.ActiveCfg = Release|x86
		{330F314E-BE31-42D9-9446-20FA1B74D5EE}.Release|iPhoneSimulator.ActiveCfg = Release|x86
		{330F314E-BE31-42D9-9446-20FA1B74D5EE}.Release|x64.ActiveCfg = Release|x64
		{330F314E-BE31-42D9-9446-20FA1B74D5EE}.Release|x64.Build.0 = Release|x64
		{330F314E-BE31-42D9-9446-20FA1B74D5EE}.Release|x64.Deploy.0 = Release|x64
		{330F314E-BE31-42D9-9446-20FA1B74D5EE}.Release|x86.ActiveCfg = Release|x86
		{330F314E-BE31-42D9-9446-20FA1B74D5EE}.Release|x86.Build.0 = Release|x86
		{330F314E-BE31-42D9-9446-20FA1B74D5EE}.Release|x86.Deploy.0 = Release|x86
		{5CC7B9C5-BD89-45E4-B265-C22B6E3E4362}.Ad-Hoc|Any CPU.ActiveCfg = Ad-Hoc|iPhoneSimulator
		{5CC7B9C5-BD89-45E4-B265-C22B6E3E4362}.Ad-Hoc|ARM.ActiveCfg = Ad-Hoc|iPhone
		{5CC7B9C5-BD89-45E4-B265-C22B6E3E4362}.Ad-Hoc|iPhone.ActiveCfg = Ad-Hoc|iPhone
		{5CC7B9C5-BD89-45E4-B265-C22B6E3E4362}.Ad-Hoc|iPhone.Build.0 = Ad-Hoc|iPhone
		{5CC7B9C5-BD89-45E4-B265-C22B6E3E4362}.Ad-Hoc|iPhoneSimulator.ActiveCfg = Ad-Hoc|iPhoneSimulator
		{5CC7B9C5-BD89-45E4-B265-C22B6E3E4362}.Ad-Hoc|iPhoneSimulator.Build.0 = Ad-Hoc|iPhoneSimulator
		{5CC7B9C5-BD89-45E4-B265-C22B6E3E4362}.Ad-Hoc|x64.ActiveCfg = Ad-Hoc|iPhone
		{5CC7B9C5-BD89-45E4-B265-C22B6E3E4362}.Ad-Hoc|x86.ActiveCfg = Ad-Hoc|iPhone
		{5CC7B9C5-BD89-45E4-B265-C22B6E3E4362}.AppStore|Any CPU.ActiveCfg = AppStore|iPhoneSimulator
		{5CC7B9C5-BD89-45E4-B265-C22B6E3E4362}.AppStore|ARM.ActiveCfg = AppStore|iPhone
		{5CC7B9C5-BD89-45E4-B265-C22B6E3E4362}.AppStore|iPhone.ActiveCfg = AppStore|iPhone
		{5CC7B9C5-BD89-45E4-B265-C22B6E3E4362}.AppStore|iPhone.Build.0 = AppStore|iPhone
		{5CC7B9C5-BD89-45E4-B265-C22B6E3E4362}.AppStore|iPhoneSimulator.ActiveCfg = AppStore|iPhoneSimulator
		{5CC7B9C5-BD89-45E4-B265-C22B6E3E4362}.AppStore|iPhoneSimulator.Build.0 = AppStore|iPhoneSimulator
		{5CC7B9C5-BD89-45E4-B265-C22B6E3E4362}.AppStore|x64.ActiveCfg = AppStore|iPhone
		{5CC7B9C5-BD89-45E4-B265-C22B6E3E4362}.AppStore|x86.ActiveCfg = AppStore|iPhone
		{5CC7B9C5-BD89-45E4-B265-C22B6E3E4362}.Debug|Any CPU.ActiveCfg = Debug|iPhoneSimulator
		{5CC7B9C5-BD89-45E4-B265-C22B6E3E4362}.Debug|ARM.ActiveCfg = Debug|iPhone
		{5CC7B9C5-BD89-45E4-B265-C22B6E3E4362}.Debug|iPhone.ActiveCfg = Debug|iPhone
		{5CC7B9C5-BD89-45E4-B265-C22B6E3E4362}.Debug|iPhone.Build.0 = Debug|iPhone
		{5CC7B9C5-BD89-45E4-B265-C22B6E3E4362}.Debug|iPhoneSimulator.ActiveCfg = Debug|iPhoneSimulator
		{5CC7B9C5-BD89-45E4-B265-C22B6E3E4362}.Debug|iPhoneSimulator.Build.0 = Debug|iPhoneSimulator
		{5CC7B9C5-BD89-45E4-B265-C22B6E3E4362}.Debug|x64.ActiveCfg = Debug|iPhone
		{5CC7B9C5-BD89-45E4-B265-C22B6E3E4362}.Debug|x86.ActiveCfg = Debug|iPhone
		{5CC7B9C5-BD89-45E4-B265-C22B6E3E4362}.Release|Any CPU.ActiveCfg = Release|iPhoneSimulator
		{5CC7B9C5-BD89-45E4-B265-C22B6E3E4362}.Release|ARM.ActiveCfg = Release|iPhone
		{5CC7B9C5-BD89-45E4-B265-C22B6E3E4362}.Release|iPhone.ActiveCfg = Release|iPhone
		{5CC7B9C5-BD89-45E4-B265-C22B6E3E4362}.Release|iPhone.Build.0 = Release|iPhone
		{5CC7B9C5-BD89-45E4-B265-C22B6E3E4362}.Release|iPhoneSimulator.ActiveCfg = Release|iPhoneSimulator
		{5CC7B9C5-BD89-45E4-B265-C22B6E3E4362}.Release|iPhoneSimulator.Build.0 = Release|iPhoneSimulator
		{5CC7B9C5-BD89-45E4-B265-C22B6E3E4362}.Release|x64.ActiveCfg = Release|iPhone
		{5CC7B9C5-BD89-45E4-B265-C22B6E3E4362}.Release|x86.ActiveCfg = Release|iPhone
	EndGlobalSection
	GlobalSection(SolutionProperties) = preSolution
		HideSolutionNode = FALSE
	EndGlobalSection
	GlobalSection(ExtensibilityGlobals) = postSolution
		SolutionGuid = {8F183958-B859-4AAB-BC9A-BE1AE65DFA02}
	EndGlobalSection
EndGlobal
